<?xml version="1.0" encoding="UTF-8" standalone="yes" ?>
<CodeBlocks_project_file>
	<FileVersion major="1" minor="6" />
	<Project>
		<Option title="SDL2OGL" />
		<Option pch_mode="2" />
		<Option compiler="gcc" />
		<Build>
			<Target title="Debug">
				<Option output="bin/Debug/SDL2OGL" prefix_auto="1" extension_auto="1" />
				<Option object_output="obj/Debug/" />
				<Option type="1" />
				<Option compiler="gcc" />
				<Compiler>
					<Add option="-g" />
					<Add directory="include" />
				</Compiler>
			</Target>
			<Target title="Release">
				<Option output="bin/Release/SDL2OGL" prefix_auto="1" extension_auto="1" />
				<Option object_output="obj/Release/" />
				<Option type="1" />
				<Option compiler="gcc" />
				<Compiler>
					<Add option="-O2" />
					<Add directory="include" />
				</Compiler>
				<Linker>
					<Add option="-s" />
				</Linker>
			</Target>
		</Build>
		<Compiler>
			<Add option="-Wall" />
			<Add directory="G:/CodeBlocks/MinGW/SDL2/include/SDL2" />
			<Add directory="G:/CodeBlocks/MinGW/SDL2/include/IL" />
		</Compiler>
		<Linker>
			<Add option="-lmingw32 -lSDL2main -lSDL2 -lSDL2_image" />
			<Add library="G:\CodeBlocks\MinGW\lib\libglu32.a" />
			<Add library="G:\CodeBlocks\MinGW\lib\libopengl32.a" />
			<Add directory="G:/CodeBlocks/MinGW/SDL2/lib" />
		</Linker>
		<Unit filename="include/C3DException.h" />
		<Unit filename="include/CApplication.h" />
		<Unit filename="include/COGLRenderer.h" />
		<Unit filename="include/CSingleton.h" />
		<Unit filename="include/CTexture.h" />
		<Unit filename="include/global_includes.h" />
		<Unit filename="src/CApplication.cpp" />
		<Unit filename="src/COGLRenderer.cpp" />
		<Unit filename="src/CTexture.cpp" />
		<Unit filename="src/main.cpp" />
		<Extensions>
			<code_completion />
			<envvars />
			<debugger />
			<lib_finder disable_auto="1" />
		</Extensions>
	</Project>
</CodeBlocks_project_file>
